# This file was autogenerated by Stack.
# You should not edit this file by hand.
# For more information, please see the documentation at:
#   https://docs.haskellstack.org/en/stable/lock_files

packages:
- completed:
    hackage: ip-1.4.1@sha256:cd81f3f18c7cd0bdf7153e53dac7687e9e1ac700e159592afa8f5401e3d5a465,3418
    pantry-tree:
      size: 1504
      sha256: 5e3ff3a9d5ef439f4dcca1999dfee51de18837d642f1fae4ac37fb9d90cdcfea
  original:
    hackage: ip-1.4.1
snapshots:
- completed:
    size: 502348
    url: https://raw.githubusercontent.com/commercialhaskell/stackage-snapshots/master/lts/12/5.yaml
    sha256: 3cb9dcb1e53145c4340978562f6b29d0ce1c35ddd912085cc1b6db94d4e0cdde
  original: lts-12.5
